
Microsoft Visual Studio Solution File, Format Version 12.00
# Visual Studio 15
VisualStudioVersion = 15.0.27130.2036
MinimumVisualStudioVersion = 10.0.40219.1
Project("{FAE04EC0-301F-11D3-BF4B-00C04F79EFBC}") = "EtaServer", "EtaServer\EtaServer.csproj", "{1933130C-7A3B-4142-B5ED-22012FFE56F2}"
EndProject
Project("{FAE04EC0-301F-11D3-BF4B-00C04F79EFBC}") = "Interdata", "Interdata\Interdata.csproj", "{042C8650-EFBE-4900-AFFC-976425C47C12}"
EndProject
Global
	GlobalSection(SolutionConfigurationPlatforms) = preSolution
		Debug|Any CPU = Debug|Any CPU
		Release|Any CPU = Release|Any CPU
	EndGlobalSection
	GlobalSection(ProjectConfigurationPlatforms) = postSolution
		{1933130C-7A3B-4142-B5ED-22012FFE56F2}.Debug|Any CPU.ActiveCfg = Debug|Any CPU
		{1933130C-7A3B-4142-B5ED-22012FFE56F2}.Debug|Any CPU.Build.0 = Debug|Any CPU
		{1933130C-7A3B-4142-B5ED-22012FFE56F2}.Release|Any CPU.ActiveCfg = Release|Any CPU
		{1933130C-7A3B-4142-B5ED-22012FFE56F2}.Release|Any CPU.Build.0 = Release|Any CPU
		{042C8650-EFBE-4900-AFFC-976425C47C12}.Debug|Any CPU.ActiveCfg = Debug|Any CPU
		{042C8650-EFBE-4900-AFFC-976425C47C12}.Debug|Any CPU.Build.0 = Debug|Any CPU
		{042C8650-EFBE-4900-AFFC-976425C47C12}.Release|Any CPU.ActiveCfg = Release|Any CPU
		{042C8650-EFBE-4900-AFFC-976425C47C12}.Release|Any CPU.Build.0 = Release|Any CPU
	EndGlobalSection
	GlobalSection(SolutionProperties) = preSolution
		HideSolutionNode = FALSE
	EndGlobalSection
	GlobalSection(ExtensibilityGlobals) = postSolution
		SolutionGuid = {C605DCFF-E49D-42ED-810E-BD51E2950369}
	EndGlobalSection
EndGlobal
